// !$*UTF8*$!
{
	archiveVersion = 1;
	classes = {
	};
	objectVersion = 46;
	objects = {

/* Begin PBXBuildFile section */
		1848BC9E1D62C6CC00A23282 /* main.m in Sources */ = {isa = PBXBuildFile; fileRef = 1848BC9D1D62C6CC00A23282 /* main.m */; };
		1848BCA11D62C6CC00A23282 /* AppDelegate.m in Sources */ = {isa = PBXBuildFile; fileRef = 1848BCA01D62C6CC00A23282 /* AppDelegate.m */; };
		1848BCA41D62C6CC00A23282 /* ViewController.m in Sources */ = {isa = PBXBuildFile; fileRef = 1848BCA31D62C6CC00A23282 /* ViewController.m */; };
		1848BCA71D62C6CC00A23282 /* Main.storyboard in Resources */ = {isa = PBXBuildFile; fileRef = 1848BCA51D62C6CC00A23282 /* Main.storyboard */; };
		1848BCA91D62C6CC00A23282 /* Assets.xcassets in Resources */ = {isa = PBXBuildFile; fileRef = 1848BCA81D62C6CC00A23282 /* Assets.xcassets */; };
		1848BCAC1D62C6CC00A23282 /* LaunchScreen.storyboard in Resources */ = {isa = PBXBuildFile; fileRef = 1848BCAA1D62C6CC00A23282 /* LaunchScreen.storyboard */; };
		B6F7D3FEA8D65192130AE605 /* libPods-回家吃饭.a in Frameworks */ = {isa = PBXBuildFile; fileRef = 09200BA875F39EF11479BC05 /* libPods-回家吃饭.a */; };
/* End PBXBuildFile section */

/* Begin PBXFileReference section */
		09200BA875F39EF11479BC05 /* libPods-回家吃饭.a */ = {isa = PBXFileReference; explicitFileType = archive.ar; includeInIndex = 0; path = "libPods-回家吃饭.a"; sourceTree = BUILT_PRODUCTS_DIR; };
		1848BC991D62C6CC00A23282 /* 回家吃饭.app */ = {isa = PBXFileReference; explicitFileType = wrapper.application; includeInIndex = 0; path = "回家吃饭.app"; sourceTree = BUILT_PRODUCTS_DIR; };
		1848BC9D1D62C6CC00A23282 /* main.m */ = {isa = PBXFileReference; lastKnownFileType = sourcecode.c.objc; path = main.m; sourceTree = "<group>"; };
		1848BC9F1D62C6CC00A23282 /* AppDelegate.h */ = {isa = PBXFileReference; lastKnownFileType = sourcecode.c.h; path = AppDelegate.h; sourceTree = "<group>"; };
		1848BCA01D62C6CC00A23282 /* AppDelegate.m */ = {isa = PBXFileReference; lastKnownFileType = sourcecode.c.objc; path = AppDelegate.m; sourceTree = "<group>"; };
		1848BCA21D62C6CC00A23282 /* ViewController.h */ = {isa = PBXFileReference; lastKnownFileType = sourcecode.c.h; path = ViewController.h; sourceTree = "<group>"; };
		1848BCA31D62C6CC00A23282 /* ViewController.m */ = {isa = PBXFileReference; lastKnownFileType = sourcecode.c.objc; path = ViewController.m; sourceTree = "<group>"; };
		1848BCA61D62C6CC00A23282 /* Base */ = {isa = PBXFileReference; lastKnownFileType = file.storyboard; name = Base; path = Base.lproj/Main.storyboard; sourceTree = "<group>"; };
		1848BCA81D62C6CC00A23282 /* Assets.xcassets */ = {isa = PBXFileReference; lastKnownFileType = folder.assetcatalog; path = Assets.xcassets; sourceTree = "<group>"; };
		1848BCAB1D62C6CC00A23282 /* Base */ = {isa = PBXFileReference; lastKnownFileType = file.storyboard; name = Base; path = Base.lproj/LaunchScreen.storyboard; sourceTree = "<group>"; };
		1848BCAD1D62C6CC00A23282 /* Info.plist */ = {isa = PBXFileReference; lastKnownFileType = text.plist.xml; path = Info.plist; sourceTree = "<group>"; };
		1848BCD71D62F24300A23282 /* PrefixHeader.pch */ = {isa = PBXFileReference; lastKnownFileType = sourcecode.c.h; path = PrefixHeader.pch; sourceTree = "<group>"; };
		56B7107F2201131613F149FE /* Pods-回家吃饭.debug.xcconfig */ = {isa = PBXFileReference; includeInIndex = 1; lastKnownFileType = text.xcconfig; name = "Pods-回家吃饭.debug.xcconfig"; path = "Pods/Target Support Files/Pods-回家吃饭/Pods-回家吃饭.debug.xcconfig"; sourceTree = "<group>"; };
		67BECFFFEC183F69D81FD42C /* Pods-回家吃饭.release.xcconfig */ = {isa = PBXFileReference; includeInIndex = 1; lastKnownFileType = text.xcconfig; name = "Pods-回家吃饭.release.xcconfig"; path = "Pods/Target Support Files/Pods-回家吃饭/Pods-回家吃饭.release.xcconfig"; sourceTree = "<group>"; };
/* End PBXFileReference section */

/* Begin PBXFrameworksBuildPhase section */
		1848BC961D62C6CC00A23282 /* Frameworks */ = {
			isa = PBXFrameworksBuildPhase;
			buildActionMask = 2147483647;
			files = (
				B6F7D3FEA8D65192130AE605 /* libPods-回家吃饭.a in Frameworks */,
			);
			runOnlyForDeploymentPostprocessing = 0;
		};
/* End PBXFrameworksBuildPhase section */

/* Begin PBXGroup section */
		1848BC901D62C6CC00A23282 = {
			isa = PBXGroup;
			children = (
				1848BC9B1D62C6CC00A23282 /* 回家吃饭 */,
				1848BC9A1D62C6CC00A23282 /* Products */,
				6CD6EA3DF15F8A7A7565B89B /* Pods */,
				C7EC76EC0623F5AE61BF2415 /* Frameworks */,
			);
			sourceTree = "<group>";
		};
		1848BC9A1D62C6CC00A23282 /* Products */ = {
			isa = PBXGroup;
			children = (
				1848BC991D62C6CC00A23282 /* 回家吃饭.app */,
			);
			name = Products;
			sourceTree = "<group>";
		};
		1848BC9B1D62C6CC00A23282 /* 回家吃饭 */ = {
			isa = PBXGroup;
			children = (
				1848BCC71D62ED1A00A23282 /* Applelation */,
				1848BCB41D62EC0300A23282 /* 分类 */,
				1848BCB51D62EC0300A23282 /* 网络 */,
				1848BCC31D62EC0300A23282 /* Define */,
				1848BCC41D62EC0300A23282 /* Resource */,
				1848BCC51D62EC0300A23282 /* Tool */,
				1848BCC61D62EC0300A23282 /* Vendor */,
				1848BC9F1D62C6CC00A23282 /* AppDelegate.h */,
				1848BCA01D62C6CC00A23282 /* AppDelegate.m */,
				1848BCA21D62C6CC00A23282 /* ViewController.h */,
				1848BCA31D62C6CC00A23282 /* ViewController.m */,
				1848BCA51D62C6CC00A23282 /* Main.storyboard */,
				1848BCA81D62C6CC00A23282 /* Assets.xcassets */,
				1848BCAA1D62C6CC00A23282 /* LaunchScreen.storyboard */,
				1848BCAD1D62C6CC00A23282 /* Info.plist */,
				1848BC9C1D62C6CC00A23282 /* Supporting Files */,
			);
			path = "回家吃饭";
			sourceTree = "<group>";
		};
		1848BC9C1D62C6CC00A23282 /* Supporting Files */ = {
			isa = PBXGroup;
			children = (
				1848BC9D1D62C6CC00A23282 /* main.m */,
				1848BCD71D62F24300A23282 /* PrefixHeader.pch */,
			);
			name = "Supporting Files";
			sourceTree = "<group>";
		};
		1848BCB41D62EC0300A23282 /* 分类 */ = {
			isa = PBXGroup;
			children = (
			);
			path = "分类";
			sourceTree = "<group>";
		};
		1848BCB51D62EC0300A23282 /* 网络 */ = {
			isa = PBXGroup;
			children = (
			);
			path = "网络";
			sourceTree = "<group>";
		};
		1848BCC31D62EC0300A23282 /* Define */ = {
			isa = PBXGroup;
			children = (
			);
			path = Define;
			sourceTree = "<group>";
		};
		1848BCC41D62EC0300A23282 /* Resource */ = {
			isa = PBXGroup;
			children = (
			);
			path = Resource;
			sourceTree = "<group>";
		};
		1848BCC51D62EC0300A23282 /* Tool */ = {
			isa = PBXGroup;
			children = (
			);
			path = Tool;
			sourceTree = "<group>";
		};
		1848BCC61D62EC0300A23282 /* Vendor */ = {
			isa = PBXGroup;
			children = (
			);
			path = Vendor;
			sourceTree = "<group>";
		};
		1848BCC71D62ED1A00A23282 /* Applelation */ = {
			isa = PBXGroup;
			children = (
				1848BCC81D62ED1A00A23282 /* 发现 */,
				1848BCCD1D62ED1A00A23282 /* 我的 */,
				1848BCD21D62ED1A00A23282 /* 首页 */,
			);
			path = Applelation;
			sourceTree = "<group>";
		};
		1848BCC81D62ED1A00A23282 /* 发现 */ = {
			isa = PBXGroup;
			children = (
				1848BCC91D62ED1A00A23282 /* Model */,
				1848BCCA1D62ED1A00A23282 /* View */,
				1848BCCB1D62ED1A00A23282 /* ViewController */,
				1848BCCC1D62ED1A00A23282 /* ViewModel */,
			);
			path = "发现";
			sourceTree = "<group>";
		};
		1848BCC91D62ED1A00A23282 /* Model */ = {
			isa = PBXGroup;
			children = (
			);
			path = Model;
			sourceTree = "<group>";
		};
		1848BCCA1D62ED1A00A23282 /* View */ = {
			isa = PBXGroup;
			children = (
			);
			path = View;
			sourceTree = "<group>";
		};
		1848BCCB1D62ED1A00A23282 /* ViewController */ = {
			isa = PBXGroup;
			children = (
			);
			path = ViewController;
			sourceTree = "<group>";
		};
		1848BCCC1D62ED1A00A23282 /* ViewModel */ = {
			isa = PBXGroup;
			children = (
			);
			path = ViewModel;
			sourceTree = "<group>";
		};
		1848BCCD1D62ED1A00A23282 /* 我的 */ = {
			isa = PBXGroup;
			children = (
				1848BCCE1D62ED1A00A23282 /* Model */,
				1848BCCF1D62ED1A00A23282 /* View */,
				1848BCD01D62ED1A00A23282 /* ViewController */,
				1848BCD11D62ED1A00A23282 /* ViewModel */,
			);
			path = "我的";
			sourceTree = "<group>";
		};
		1848BCCE1D62ED1A00A23282 /* Model */ = {
			isa = PBXGroup;
			children = (
			);
			path = Model;
			sourceTree = "<group>";
		};
		1848BCCF1D62ED1A00A23282 /* View */ = {
			isa = PBXGroup;
			children = (
			);
			path = View;
			sourceTree = "<group>";
		};
		1848BCD01D62ED1A00A23282 /* ViewController */ = {
			isa = PBXGroup;
			children = (
			);
			path = ViewController;
			sourceTree = "<group>";
		};
		1848BCD11D62ED1A00A23282 /* ViewModel */ = {
			isa = PBXGroup;
			children = (
			);
			path = ViewModel;
			sourceTree = "<group>";
		};
		1848BCD21D62ED1A00A23282 /* 首页 */ = {
			isa = PBXGroup;
			children = (
				1848BCD31D62ED1A00A23282 /* Model */,
				1848BCD41D62ED1A00A23282 /* View */,
				1848BCD51D62ED1A00A23282 /* ViewController */,
				1848BCD61D62ED1A00A23282 /* ViewModel */,
			);
			path = "首页";
			sourceTree = "<group>";
		};
		1848BCD31D62ED1A00A23282 /* Model */ = {
			isa = PBXGroup;
			children = (
			);
			path = Model;
			sourceTree = "<group>";
		};
		1848BCD41D62ED1A00A23282 /* View */ = {
			isa = PBXGroup;
			children = (
			);
			path = View;
			sourceTree = "<group>";
		};
		1848BCD51D62ED1A00A23282 /* ViewController */ = {
			isa = PBXGroup;
			children = (
			);
			path = ViewController;
			sourceTree = "<group>";
		};
		1848BCD61D62ED1A00A23282 /* ViewModel */ = {
			isa = PBXGroup;
			children = (
			);
			path = ViewModel;
			sourceTree = "<group>";
		};
		6CD6EA3DF15F8A7A7565B89B /* Pods */ = {
			isa = PBXGroup;
			children = (
				56B7107F2201131613F149FE /* Pods-回家吃饭.debug.xcconfig */,
				67BECFFFEC183F69D81FD42C /* Pods-回家吃饭.release.xcconfig */,
			);
			name = Pods;
			sourceTree = "<group>";
		};
		C7EC76EC0623F5AE61BF2415 /* Frameworks */ = {
			isa = PBXGroup;
			children = (
				09200BA875F39EF11479BC05 /* libPods-回家吃饭.a */,
			);
			name = Frameworks;
			sourceTree = "<group>";
		};
/* End PBXGroup section */

/* Begin PBXNativeTarget section */
		1848BC981D62C6CC00A23282 /* 回家吃饭 */ = {
			isa = PBXNativeTarget;
			buildConfigurationList = 1848BCB01D62C6CC00A23282 /* Build configuration list for PBXNativeTarget "回家吃饭" */;
			buildPhases = (
				A4659EC09BE171EA98C77D02 /* 📦 Check Pods Manifest.lock */,
				1848BC951D62C6CC00A23282 /* Sources */,
				1848BC961D62C6CC00A23282 /* Frameworks */,
				1848BC971D62C6CC00A23282 /* Resources */,
				168AD713B08B452F03EE47B6 /* 📦 Embed Pods Frameworks */,
				F085873A31D36A7AE9297BAE /* 📦 Copy Pods Resources */,
			);
			buildRules = (
			);
			dependencies = (
			);
			name = "回家吃饭";
			productName = "回家吃饭";
			productReference = 1848BC991D62C6CC00A23282 /* 回家吃饭.app */;
			productType = "com.apple.product-type.application";
		};
/* End PBXNativeTarget section */

/* Begin PBXProject section */
		1848BC911D62C6CC00A23282 /* Project object */ = {
			isa = PBXProject;
			attributes = {
				CLASSPREFIX = JL;
				LastUpgradeCheck = 0720;
				ORGANIZATIONNAME = Apple;
				TargetAttributes = {
					1848BC981D62C6CC00A23282 = {
						CreatedOnToolsVersion = 7.2;
						DevelopmentTeam = JPTU8D633G;
					};
				};
			};
			buildConfigurationList = 1848BC941D62C6CC00A23282 /* Build configuration list for PBXProject "回家吃饭" */;
			compatibilityVersion = "Xcode 3.2";
			developmentRegion = English;
			hasScannedForEncodings = 0;
			knownRegions = (
				en,
				Base,
			);
			mainGroup = 1848BC901D62C6CC00A23282;
			productRefGroup = 1848BC9A1D62C6CC00A23282 /* Products */;
			projectDirPath = "";
			projectRoot = "";
			targets = (
				1848BC981D62C6CC00A23282 /* 回家吃饭 */,
			);
		};
/* End PBXProject section */

/* Begin PBXResourcesBuildPhase section */
		1848BC971D62C6CC00A23282 /* Resources */ = {
			isa = PBXResourcesBuildPhase;
			buildActionMask = 2147483647;
			files = (
				1848BCAC1D62C6CC00A23282 /* LaunchScreen.storyboard in Resources */,
				1848BCA91D62C6CC00A23282 /* Assets.xcassets in Resources */,
				1848BCA71D62C6CC00A23282 /* Main.storyboard in Resources */,
			);
			runOnlyForDeploymentPostprocessing = 0;
		};
/* End PBXResourcesBuildPhase section */

/* Begin PBXShellScriptBuildPhase section */
		168AD713B08B452F03EE47B6 /* 📦 Embed Pods Frameworks */ = {
			isa = PBXShellScriptBuildPhase;
			buildActionMask = 2147483647;
			files = (
			);
			inputPaths = (
			);
			name = "📦 Embed Pods Frameworks";
			outputPaths = (
			);
			runOnlyForDeploymentPostprocessing = 0;
			shellPath = /bin/sh;
			shellScript = "\"${SRCROOT}/Pods/Target Support Files/Pods-回家吃饭/Pods-回家吃饭-frameworks.sh\"\n";
			showEnvVarsInLog = 0;
		};
		A4659EC09BE171EA98C77D02 /* 📦 Check Pods Manifest.lock */ = {
			isa = PBXShellScriptBuildPhase;
			buildActionMask = 2147483647;
			files = (
			);
			inputPaths = (
			);
			name = "📦 Check Pods Manifest.lock";
			outputPaths = (
			);
			runOnlyForDeploymentPostprocessing = 0;
			shellPath = /bin/sh;
			shellScript = "diff \"${PODS_ROOT}/../Podfile.lock\" \"${PODS_ROOT}/Manifest.lock\" > /dev/null\nif [[ $? != 0 ]] ; then\n    cat << EOM\nerror: The sandbox is not in sync with the Podfile.lock. Run 'pod install' or update your CocoaPods installation.\nEOM\n    exit 1\nfi\n";
			showEnvVarsInLog = 0;
		};
		F085873A31D36A7AE9297BAE /* 📦 Copy Pods Resources */ = {
			isa = PBXShellScriptBuildPhase;
			buildActionMask = 2147483647;
			files = (
			);
			inputPaths = (
			);
			name = "📦 Copy Pods Resources";
			outputPaths = (
			);
			runOnlyForDeploymentPostprocessing = 0;
			shellPath = /bin/sh;
			shellScript = "\"${SRCROOT}/Pods/Target Support Files/Pods-回家吃饭/Pods-回家吃饭-resources.sh\"\n";
			showEnvVarsInLog = 0;
		};
/* End PBXShellScriptBuildPhase section */

/* Begin PBXSourcesBuildPhase section */
		1848BC951D62C6CC00A23282 /* Sources */ = {
			isa = PBXSourcesBuildPhase;
			buildActionMask = 2147483647;
			files = (
				1848BCA41D62C6CC00A23282 /* ViewController.m in Sources */,
				1848BCA11D62C6CC00A23282 /* AppDelegate.m in Sources */,
				1848BC9E1D62C6CC00A23282 /* main.m in Sources */,
			);
			runOnlyForDeploymentPostprocessing = 0;
		};
/* End PBXSourcesBuildPhase section */

/* Begin PBXVariantGroup section */
		1848BCA51D62C6CC00A23282 /* Main.storyboard */ = {
			isa = PBXVariantGroup;
			children = (
				1848BCA61D62C6CC00A23282 /* Base */,
			);
			name = Main.storyboard;
			sourceTree = "<group>";
		};
		1848BCAA1D62C6CC00A23282 /* LaunchScreen.storyboard */ = {
			isa = PBXVariantGroup;
			children = (
				1848BCAB1D62C6CC00A23282 /* Base */,
			);
			name = LaunchScreen.storyboard;
			sourceTree = "<group>";
		};
/* End PBXVariantGroup section */

/* Begin XCBuildConfiguration section */
		1848BCAE1D62C6CC00A23282 /* Debug */ = {
			isa = XCBuildConfiguration;
			buildSettings = {
				ALWAYS_SEARCH_USER_PATHS = NO;
				CLANG_CXX_LANGUAGE_STANDARD = "gnu++0x";
				CLANG_CXX_LIBRARY = "libc++";
				CLANG_ENABLE_MODULES = YES;
				CLANG_ENABLE_OBJC_ARC = YES;
				CLANG_WARN_BOOL_CONVERSION = YES;
				CLANG_WARN_CONSTANT_CONVERSION = YES;
				CLANG_WARN_DIRECT_OBJC_ISA_USAGE = YES_ERROR;
				CLANG_WARN_EMPTY_BODY = YES;
				CLANG_WARN_ENUM_CONVERSION = YES;
				CLANG_WARN_INT_CONVERSION = YES;
				CLANG_WARN_OBJC_ROOT_CLASS = YES_ERROR;
				CLANG_WARN_UNREACHABLE_CODE = YES;
				CLANG_WARN__DUPLICATE_METHOD_MATCH = YES;
				"CODE_SIGN_IDENTITY[sdk=iphoneos*]" = "iPhone Developer";
				COPY_PHASE_STRIP = NO;
				DEBUG_INFORMATION_FORMAT = dwarf;
				ENABLE_STRICT_OBJC_MSGSEND = YES;
				ENABLE_TESTABILITY = YES;
				GCC_C_LANGUAGE_STANDARD = gnu99;
				GCC_DYNAMIC_NO_PIC = NO;
				GCC_NO_COMMON_BLOCKS = YES;
				GCC_OPTIMIZATION_LEVEL = 0;
				GCC_PREPROCESSOR_DEFINITIONS = (
					"DEBUG=1",
					"$(inherited)",
				);
				GCC_WARN_64_TO_32_BIT_CONVERSION = YES;
				GCC_WARN_ABOUT_RETURN_TYPE = YES_ERROR;
				GCC_WARN_UNDECLARED_SELECTOR = YES;
				GCC_WARN_UNINITIALIZED_AUTOS = YES_AGGRESSIVE;
				GCC_WARN_UNUSED_FUNCTION = YES;
				GCC_WARN_UNUSED_VARIABLE = YES;
				IPHONEOS_DEPLOYMENT_TARGET = 9.2;
				MTL_ENABLE_DEBUG_INFO = YES;
				ONLY_ACTIVE_ARCH = YES;
				SDKROOT = iphoneos;
				TARGETED_DEVICE_FAMILY = "1,2";
			};
			name = Debug;
		};
		1848BCAF1D62C6CC00A23282 /* Release */ = {
			isa = XCBuildConfiguration;
			buildSettings = {
				ALWAYS_SEARCH_USER_PATHS = NO;
				CLANG_CXX_LANGUAGE_STANDARD = "gnu++0x";
				CLANG_CXX_LIBRARY = "libc++";
				CLANG_ENABLE_MODULES = YES;
				CLANG_ENABLE_OBJC_ARC = YES;
				CLANG_WARN_BOOL_CONVERSION = YES;
				CLANG_WARN_CONSTANT_CONVERSION = YES;
				CLANG_WARN_DIRECT_OBJC_ISA_USAGE = YES_ERROR;
				CLANG_WARN_EMPTY_BODY = YES;
				CLANG_WARN_ENUM_CONVERSION = YES;
				CLANG_WARN_INT_CONVERSION = YES;
				CLANG_WARN_OBJC_ROOT_CLASS = YES_ERROR;
				CLANG_WARN_UNREACHABLE_CODE = YES;
				CLANG_WARN__DUPLICATE_METHOD_MATCH = YES;
				"CODE_SIGN_IDENTITY[sdk=iphoneos*]" = "iPhone Developer";
				COPY_PHASE_STRIP = NO;
				DEBUG_INFORMATION_FORMAT = "dwarf-with-dsym";
				ENABLE_NS_ASSERTIONS = NO;
				ENABLE_STRICT_OBJC_MSGSEND = YES;
				GCC_C_LANGUAGE_STANDARD = gnu99;
				GCC_NO_COMMON_BLOCKS = YES;
				GCC_WARN_64_TO_32_BIT_CONVERSION = YES;
				GCC_WARN_ABOUT_RETURN_TYPE = YES_ERROR;
				GCC_WARN_UNDECLARED_SELECTOR = YES;
				GCC_WARN_UNINITIALIZED_AUTOS = YES_AGGRESSIVE;
				GCC_WARN_UNUSED_FUNCTION = YES;
				GCC_WARN_UNUSED_VARIABLE = YES;
				IPHONEOS_DEPLOYMENT_TARGET = 9.2;
				MTL_ENABLE_DEBUG_INFO = NO;
				SDKROOT = iphoneos;
				TARGETED_DEVICE_FAMILY = "1,2";
				VALIDATE_PRODUCT = YES;
			};
			name = Release;
		};
		1848BCB11D62C6CC00A23282 /* Debug */ = {
			isa = XCBuildConfiguration;
			baseConfigurationReference = 56B7107F2201131613F149FE /* Pods-回家吃饭.debug.xcconfig */;
			buildSettings = {
				ASSETCATALOG_COMPILER_APPICON_NAME = AppIcon;
				GCC_PREFIX_HEADER = "$(PRODUCT_NAME)/PrefixHeader.pch";
				INFOPLIST_FILE = "回家吃饭/Info.plist";
				IPHONEOS_DEPLOYMENT_TARGET = 8.0;
				LD_RUNPATH_SEARCH_PATHS = "$(inherited) @executable_path/Frameworks";
				PRODUCT_BUNDLE_IDENTIFIER = "tarena.----";
				PRODUCT_NAME = "$(TARGET_NAME)";
			};
			name = Debug;
		};
		1848BCB21D62C6CC00A23282 /* Release */ = {
			isa = XCBuildConfiguration;
			baseConfigurationReference = 67BECFFFEC183F69D81FD42C /* Pods-回家吃饭.release.xcconfig */;
			buildSettings = {
				ASSETCATALOG_COMPILER_APPICON_NAME = AppIcon;
				GCC_PREFIX_HEADER = "$(PRODUCT_NAME)/PrefixHeader.pch";
				INFOPLIST_FILE = "回家吃饭/Info.plist";
				IPHONEOS_DEPLOYMENT_TARGET = 8.0;
				LD_RUNPATH_SEARCH_PATHS = "$(inherited) @executable_path/Frameworks";
				PRODUCT_BUNDLE_IDENTIFIER = "tarena.----";
				PRODUCT_NAME = "$(TARGET_NAME)";
			};
			name = Release;
		};
/* End XCBuildConfiguration section */

/* Begin XCConfigurationList section */
		1848BC941D62C6CC00A23282 /* Build configuration list for PBXProject "回家吃饭" */ = {
			isa = XCConfigurationList;
			buildConfigurations = (
				1848BCAE1D62C6CC00A23282 /* Debug */,
				1848BCAF1D62C6CC00A23282 /* Release */,
			);
			defaultConfigurationIsVisible = 0;
			defaultConfigurationName = Release;
		};
		1848BCB01D62C6CC00A23282 /* Build configuration list for PBXNativeTarget "回家吃饭" */ = {
			isa = XCConfigurationList;
			buildConfigurations = (
				1848BCB11D62C6CC00A23282 /* Debug */,
				1848BCB21D62C6CC00A23282 /* Release */,
			);
			defaultConfigurationIsVisible = 0;
			defaultConfigurationName = Release;
		};
/* End XCConfigurationList section */
	};
	rootObject = 1848BC911D62C6CC00A23282 /* Project object */;
}
